
Microsoft Visual Studio Solution File, Format Version 12.00
# Visual Studio Version 16
VisualStudioVersion = 16.0.30914.41
MinimumVisualStudioVersion = 10.0.40219.1
Project("{9A19103F-16F7-4668-BE54-9A1E7A4F7556}") = "Server", "Server\Server.csproj", "{788F56C5-2B0E-4C7A-8C20-F7530D6045EE}"
	ProjectSection(ProjectDependencies) = postProject
		{2135764B-FBA4-4F93-9A96-B9D1CDD33DB9} = {2135764B-FBA4-4F93-9A96-B9D1CDD33DB9}
	EndProjectSection
EndProject
Project("{9A19103F-16F7-4668-BE54-9A1E7A4F7556}") = "Interface", "Interface\Interface.csproj", "{D9FAC0CE-EDB0-438E-93CE-69D1A74EFA25}"
	ProjectSection(ProjectDependencies) = postProject
		{2135764B-FBA4-4F93-9A96-B9D1CDD33DB9} = {2135764B-FBA4-4F93-9A96-B9D1CDD33DB9}
	EndProjectSection
EndProject
Project("{9A19103F-16F7-4668-BE54-9A1E7A4F7556}") = "Logger", "Logger\Logger.csproj", "{2135764B-FBA4-4F93-9A96-B9D1CDD33DB9}"
EndProject
Project("{FAE04EC0-301F-11D3-BF4B-00C04F79EFBC}") = "FTP_UWP", "FTP_UWP\FTP_UWP.csproj", "{B2F35E44-F0C7-4A44-94AE-9C06B9DA8868}"
EndProject
Project("{FAE04EC0-301F-11D3-BF4B-00C04F79EFBC}") = "ConnectorUWP", "ConnectorUWP\ConnectorUWP.csproj", "{D9289EF5-04C3-4B18-8CC8-8BAA0FED20E9}"
EndProject
Project("{FAE04EC0-301F-11D3-BF4B-00C04F79EFBC}") = "JsonClassesUWP", "JsonClassesUWP\JsonClassesUWP.csproj", "{4BF46844-8923-4450-8C0D-86BC2A434085}"
EndProject
Project("{2150E333-8FDC-42A3-9474-1A3956D46DE8}") = "Solution Items", "Solution Items", "{A8E410B1-DCE1-4AE2-AB19-765E6CDCF8A6}"
EndProject
Project("{9A19103F-16F7-4668-BE54-9A1E7A4F7556}") = "JsonClasses", "JsonClasses\JsonClasses.csproj", "{A664FAD6-A0C3-4D10-AD75-7F7C4E9AA66D}"
EndProject
Project("{9A19103F-16F7-4668-BE54-9A1E7A4F7556}") = "FTP Personal", "FTP Personal\FTP Personal.csproj", "{B24AC45B-2AA9-472F-89A8-0253A6646FF0}"
EndProject
Global
	GlobalSection(SolutionConfigurationPlatforms) = preSolution
		Debug|Any CPU = Debug|Any CPU
		Debug|ARM = Debug|ARM
		Debug|ARM64 = Debug|ARM64
		Debug|x64 = Debug|x64
		Debug|x86 = Debug|x86
		Release|Any CPU = Release|Any CPU
		Release|ARM = Release|ARM
		Release|ARM64 = Release|ARM64
		Release|x64 = Release|x64
		Release|x86 = Release|x86
	EndGlobalSection
	GlobalSection(ProjectConfigurationPlatforms) = postSolution
		{788F56C5-2B0E-4C7A-8C20-F7530D6045EE}.Debug|Any CPU.ActiveCfg = Debug|Any CPU
		{788F56C5-2B0E-4C7A-8C20-F7530D6045EE}.Debug|Any CPU.Build.0 = Debug|Any CPU
		{788F56C5-2B0E-4C7A-8C20-F7530D6045EE}.Debug|ARM.ActiveCfg = Debug|Any CPU
		{788F56C5-2B0E-4C7A-8C20-F7530D6045EE}.Debug|ARM.Build.0 = Debug|Any CPU
		{788F56C5-2B0E-4C7A-8C20-F7530D6045EE}.Debug|ARM64.ActiveCfg = Debug|Any CPU
		{788F56C5-2B0E-4C7A-8C20-F7530D6045EE}.Debug|ARM64.Build.0 = Debug|Any CPU
		{788F56C5-2B0E-4C7A-8C20-F7530D6045EE}.Debug|x64.ActiveCfg = Debug|Any CPU
		{788F56C5-2B0E-4C7A-8C20-F7530D6045EE}.Debug|x64.Build.0 = Debug|Any CPU
		{788F56C5-2B0E-4C7A-8C20-F7530D6045EE}.Debug|x86.ActiveCfg = Debug|Any CPU
		{788F56C5-2B0E-4C7A-8C20-F7530D6045EE}.Debug|x86.Build.0 = Debug|Any CPU
		{788F56C5-2B0E-4C7A-8C20-F7530D6045EE}.Release|Any CPU.ActiveCfg = Release|Any CPU
		{788F56C5-2B0E-4C7A-8C20-F7530D6045EE}.Release|Any CPU.Build.0 = Release|Any CPU
		{788F56C5-2B0E-4C7A-8C20-F7530D6045EE}.Release|ARM.ActiveCfg = Release|Any CPU
		{788F56C5-2B0E-4C7A-8C20-F7530D6045EE}.Release|ARM.Build.0 = Release|Any CPU
		{788F56C5-2B0E-4C7A-8C20-F7530D6045EE}.Release|ARM64.ActiveCfg = Release|Any CPU
		{788F56C5-2B0E-4C7A-8C20-F7530D6045EE}.Release|ARM64.Build.0 = Release|Any CPU
		{788F56C5-2B0E-4C7A-8C20-F7530D6045EE}.Release|x64.ActiveCfg = Release|Any CPU
		{788F56C5-2B0E-4C7A-8C20-F7530D6045EE}.Release|x64.Build.0 = Release|Any CPU
		{788F56C5-2B0E-4C7A-8C20-F7530D6045EE}.Release|x86.ActiveCfg = Release|Any CPU
		{788F56C5-2B0E-4C7A-8C20-F7530D6045EE}.Release|x86.Build.0 = Release|Any CPU
		{D9FAC0CE-EDB0-438E-93CE-69D1A74EFA25}.Debug|Any CPU.ActiveCfg = Debug|Any CPU
		{D9FAC0CE-EDB0-438E-93CE-69D1A74EFA25}.Debug|Any CPU.Build.0 = Debug|Any CPU
		{D9FAC0CE-EDB0-438E-93CE-69D1A74EFA25}.Debug|ARM.ActiveCfg = Debug|Any CPU
		{D9FAC0CE-EDB0-438E-93CE-69D1A74EFA25}.Debug|ARM.Build.0 = Debug|Any CPU
		{D9FAC0CE-EDB0-438E-93CE-69D1A74EFA25}.Debug|ARM64.ActiveCfg = Debug|Any CPU
		{D9FAC0CE-EDB0-438E-93CE-69D1A74EFA25}.Debug|ARM64.Build.0 = Debug|Any CPU
		{D9FAC0CE-EDB0-438E-93CE-69D1A74EFA25}.Debug|x64.ActiveCfg = Debug|Any CPU
		{D9FAC0CE-EDB0-438E-93CE-69D1A74EFA25}.Debug|x64.Build.0 = Debug|Any CPU
		{D9FAC0CE-EDB0-438E-93CE-69D1A74EFA25}.Debug|x86.ActiveCfg = Debug|Any CPU
		{D9FAC0CE-EDB0-438E-93CE-69D1A74EFA25}.Debug|x86.Build.0 = Debug|Any CPU
		{D9FAC0CE-EDB0-438E-93CE-69D1A74EFA25}.Release|Any CPU.ActiveCfg = Release|Any CPU
		{D9FAC0CE-EDB0-438E-93CE-69D1A74EFA25}.Release|Any CPU.Build.0 = Release|Any CPU
		{D9FAC0CE-EDB0-438E-93CE-69D1A74EFA25}.Release|ARM.ActiveCfg = Release|Any CPU
		{D9FAC0CE-EDB0-438E-93CE-69D1A74EFA25}.Release|ARM.Build.0 = Release|Any CPU
		{D9FAC0CE-EDB0-438E-93CE-69D1A74EFA25}.Release|ARM64.ActiveCfg = Release|Any CPU
		{D9FAC0CE-EDB0-438E-93CE-69D1A74EFA25}.Release|ARM64.Build.0 = Release|Any CPU
		{D9FAC0CE-EDB0-438E-93CE-69D1A74EFA25}.Release|x64.ActiveCfg = Release|Any CPU
		{D9FAC0CE-EDB0-438E-93CE-69D1A74EFA25}.Release|x64.Build.0 = Release|Any CPU
		{D9FAC0CE-EDB0-438E-93CE-69D1A74EFA25}.Release|x86.ActiveCfg = Release|Any CPU
		{D9FAC0CE-EDB0-438E-93CE-69D1A74EFA25}.Release|x86.Build.0 = Release|Any CPU
		{2135764B-FBA4-4F93-9A96-B9D1CDD33DB9}.Debug|Any CPU.ActiveCfg = Debug|Any CPU
		{2135764B-FBA4-4F93-9A96-B9D1CDD33DB9}.Debug|Any CPU.Build.0 = Debug|Any CPU
		{2135764B-FBA4-4F93-9A96-B9D1CDD33DB9}.Debug|ARM.ActiveCfg = Debug|Any CPU
		{2135764B-FBA4-4F93-9A96-B9D1CDD33DB9}.Debug|ARM.Build.0 = Debug|Any CPU
		{2135764B-FBA4-4F93-9A96-B9D1CDD33DB9}.Debug|ARM64.ActiveCfg = Debug|Any CPU
		{2135764B-FBA4-4F93-9A96-B9D1CDD33DB9}.Debug|ARM64.Build.0 = Debug|Any CPU
		{2135764B-FBA4-4F93-9A96-B9D1CDD33DB9}.Debug|x64.ActiveCfg = Debug|Any CPU
		{2135764B-FBA4-4F93-9A96-B9D1CDD33DB9}.Debug|x64.Build.0 = Debug|Any CPU
		{2135764B-FBA4-4F93-9A96-B9D1CDD33DB9}.Debug|x86.ActiveCfg = Debug|Any CPU
		{2135764B-FBA4-4F93-9A96-B9D1CDD33DB9}.Debug|x86.Build.0 = Debug|Any CPU
		{2135764B-FBA4-4F93-9A96-B9D1CDD33DB9}.Release|Any CPU.ActiveCfg = Release|Any CPU
		{2135764B-FBA4-4F93-9A96-B9D1CDD33DB9}.Release|Any CPU.Build.0 = Release|Any CPU
		{2135764B-FBA4-4F93-9A96-B9D1CDD33DB9}.Release|ARM.ActiveCfg = Release|Any CPU
		{2135764B-FBA4-4F93-9A96-B9D1CDD33DB9}.Release|ARM.Build.0 = Release|Any CPU
		{2135764B-FBA4-4F93-9A96-B9D1CDD33DB9}.Release|ARM64.ActiveCfg = Release|Any CPU
		{2135764B-FBA4-4F93-9A96-B9D1CDD33DB9}.Release|ARM64.Build.0 = Release|Any CPU
		{2135764B-FBA4-4F93-9A96-B9D1CDD33DB9}.Release|x64.ActiveCfg = Release|Any CPU
		{2135764B-FBA4-4F93-9A96-B9D1CDD33DB9}.Release|x64.Build.0 = Release|Any CPU
		{2135764B-FBA4-4F93-9A96-B9D1CDD33DB9}.Release|x86.ActiveCfg = Release|Any CPU
		{2135764B-FBA4-4F93-9A96-B9D1CDD33DB9}.Release|x86.Build.0 = Release|Any CPU
		{B2F35E44-F0C7-4A44-94AE-9C06B9DA8868}.Debug|Any CPU.ActiveCfg = Debug|x86
		{B2F35E44-F0C7-4A44-94AE-9C06B9DA8868}.Debug|ARM.ActiveCfg = Debug|ARM
		{B2F35E44-F0C7-4A44-94AE-9C06B9DA8868}.Debug|ARM.Build.0 = Debug|ARM
		{B2F35E44-F0C7-4A44-94AE-9C06B9DA8868}.Debug|ARM.Deploy.0 = Debug|ARM
		{B2F35E44-F0C7-4A44-94AE-9C06B9DA8868}.Debug|ARM64.ActiveCfg = Debug|ARM64
		{B2F35E44-F0C7-4A44-94AE-9C06B9DA8868}.Debug|ARM64.Build.0 = Debug|ARM64
		{B2F35E44-F0C7-4A44-94AE-9C06B9DA8868}.Debug|ARM64.Deploy.0 = Debug|ARM64
		{B2F35E44-F0C7-4A44-94AE-9C06B9DA8868}.Debug|x64.ActiveCfg = Debug|x64
		{B2F35E44-F0C7-4A44-94AE-9C06B9DA8868}.Debug|x64.Build.0 = Debug|x64
		{B2F35E44-F0C7-4A44-94AE-9C06B9DA8868}.Debug|x64.Deploy.0 = Debug|x64
		{B2F35E44-F0C7-4A44-94AE-9C06B9DA8868}.Debug|x86.ActiveCfg = Debug|x86
		{B2F35E44-F0C7-4A44-94AE-9C06B9DA8868}.Debug|x86.Build.0 = Debug|x86
		{B2F35E44-F0C7-4A44-94AE-9C06B9DA8868}.Debug|x86.Deploy.0 = Debug|x86
		{B2F35E44-F0C7-4A44-94AE-9C06B9DA8868}.Release|Any CPU.ActiveCfg = Release|x86
		{B2F35E44-F0C7-4A44-94AE-9C06B9DA8868}.Release|ARM.ActiveCfg = Release|ARM
		{B2F35E44-F0C7-4A44-94AE-9C06B9DA8868}.Release|ARM.Build.0 = Release|ARM
		{B2F35E44-F0C7-4A44-94AE-9C06B9DA8868}.Release|ARM.Deploy.0 = Release|ARM
		{B2F35E44-F0C7-4A44-94AE-9C06B9DA8868}.Release|ARM64.ActiveCfg = Release|ARM64
		{B2F35E44-F0C7-4A44-94AE-9C06B9DA8868}.Release|ARM64.Build.0 = Release|ARM64
		{B2F35E44-F0C7-4A44-94AE-9C06B9DA8868}.Release|ARM64.Deploy.0 = Release|ARM64
		{B2F35E44-F0C7-4A44-94AE-9C06B9DA8868}.Release|x64.ActiveCfg = Release|x64
		{B2F35E44-F0C7-4A44-94AE-9C06B9DA8868}.Release|x64.Build.0 = Release|x64
		{B2F35E44-F0C7-4A44-94AE-9C06B9DA8868}.Release|x64.Deploy.0 = Release|x64
		{B2F35E44-F0C7-4A44-94AE-9C06B9DA8868}.Release|x86.ActiveCfg = Release|x86
		{B2F35E44-F0C7-4A44-94AE-9C06B9DA8868}.Release|x86.Build.0 = Release|x86
		{B2F35E44-F0C7-4A44-94AE-9C06B9DA8868}.Release|x86.Deploy.0 = Release|x86
		{D9289EF5-04C3-4B18-8CC8-8BAA0FED20E9}.Debug|Any CPU.ActiveCfg = Debug|Any CPU
		{D9289EF5-04C3-4B18-8CC8-8BAA0FED20E9}.Debug|Any CPU.Build.0 = Debug|Any CPU
		{D9289EF5-04C3-4B18-8CC8-8BAA0FED20E9}.Debug|ARM.ActiveCfg = Debug|ARM
		{D9289EF5-04C3-4B18-8CC8-8BAA0FED20E9}.Debug|ARM.Build.0 = Debug|ARM
		{D9289EF5-04C3-4B18-8CC8-8BAA0FED20E9}.Debug|ARM64.ActiveCfg = Debug|ARM64
		{D9289EF5-04C3-4B18-8CC8-8BAA0FED20E9}.Debug|ARM64.Build.0 = Debug|ARM64
		{D9289EF5-04C3-4B18-8CC8-8BAA0FED20E9}.Debug|x64.ActiveCfg = Debug|x64
		{D9289EF5-04C3-4B18-8CC8-8BAA0FED20E9}.Debug|x64.Build.0 = Debug|x64
		{D9289EF5-04C3-4B18-8CC8-8BAA0FED20E9}.Debug|x86.ActiveCfg = Debug|x86
		{D9289EF5-04C3-4B18-8CC8-8BAA0FED20E9}.Debug|x86.Build.0 = Debug|x86
		{D9289EF5-04C3-4B18-8CC8-8BAA0FED20E9}.Release|Any CPU.ActiveCfg = Release|Any CPU
		{D9289EF5-04C3-4B18-8CC8-8BAA0FED20E9}.Release|Any CPU.Build.0 = Release|Any CPU
		{D9289EF5-04C3-4B18-8CC8-8BAA0FED20E9}.Release|ARM.ActiveCfg = Release|ARM
		{D9289EF5-04C3-4B18-8CC8-8BAA0FED20E9}.Release|ARM.Build.0 = Release|ARM
		{D9289EF5-04C3-4B18-8CC8-8BAA0FED20E9}.Release|ARM64.ActiveCfg = Release|ARM64
		{D9289EF5-04C3-4B18-8CC8-8BAA0FED20E9}.Release|ARM64.Build.0 = Release|ARM64
		{D9289EF5-04C3-4B18-8CC8-8BAA0FED20E9}.Release|x64.ActiveCfg = Release|x64
		{D9289EF5-04C3-4B18-8CC8-8BAA0FED20E9}.Release|x64.Build.0 = Release|x64
		{D9289EF5-04C3-4B18-8CC8-8BAA0FED20E9}.Release|x86.ActiveCfg = Release|x86
		{D9289EF5-04C3-4B18-8CC8-8BAA0FED20E9}.Release|x86.Build.0 = Release|x86
		{4BF46844-8923-4450-8C0D-86BC2A434085}.Debug|Any CPU.ActiveCfg = Debug|Any CPU
		{4BF46844-8923-4450-8C0D-86BC2A434085}.Debug|Any CPU.Build.0 = Debug|Any CPU
		{4BF46844-8923-4450-8C0D-86BC2A434085}.Debug|ARM.ActiveCfg = Debug|ARM
		{4BF46844-8923-4450-8C0D-86BC2A434085}.Debug|ARM.Build.0 = Debug|ARM
		{4BF46844-8923-4450-8C0D-86BC2A434085}.Debug|ARM64.ActiveCfg = Debug|ARM64
		{4BF46844-8923-4450-8C0D-86BC2A434085}.Debug|ARM64.Build.0 = Debug|ARM64
		{4BF46844-8923-4450-8C0D-86BC2A434085}.Debug|x64.ActiveCfg = Debug|x64
		{4BF46844-8923-4450-8C0D-86BC2A434085}.Debug|x64.Build.0 = Debug|x64
		{4BF46844-8923-4450-8C0D-86BC2A434085}.Debug|x86.ActiveCfg = Debug|x86
		{4BF46844-8923-4450-8C0D-86BC2A434085}.Debug|x86.Build.0 = Debug|x86
		{4BF46844-8923-4450-8C0D-86BC2A434085}.Release|Any CPU.ActiveCfg = Release|Any CPU
		{4BF46844-8923-4450-8C0D-86BC2A434085}.Release|Any CPU.Build.0 = Release|Any CPU
		{4BF46844-8923-4450-8C0D-86BC2A434085}.Release|ARM.ActiveCfg = Release|ARM
		{4BF46844-8923-4450-8C0D-86BC2A434085}.Release|ARM.Build.0 = Release|ARM
		{4BF46844-8923-4450-8C0D-86BC2A434085}.Release|ARM64.ActiveCfg = Release|ARM64
		{4BF46844-8923-4450-8C0D-86BC2A434085}.Release|ARM64.Build.0 = Release|ARM64
		{4BF46844-8923-4450-8C0D-86BC2A434085}.Release|x64.ActiveCfg = Release|x64
		{4BF46844-8923-4450-8C0D-86BC2A434085}.Release|x64.Build.0 = Release|x64
		{4BF46844-8923-4450-8C0D-86BC2A434085}.Release|x86.ActiveCfg = Release|x86
		{4BF46844-8923-4450-8C0D-86BC2A434085}.Release|x86.Build.0 = Release|x86
		{A664FAD6-A0C3-4D10-AD75-7F7C4E9AA66D}.Debug|Any CPU.ActiveCfg = Debug|Any CPU
		{A664FAD6-A0C3-4D10-AD75-7F7C4E9AA66D}.Debug|Any CPU.Build.0 = Debug|Any CPU
		{A664FAD6-A0C3-4D10-AD75-7F7C4E9AA66D}.Debug|ARM.ActiveCfg = Debug|Any CPU
		{A664FAD6-A0C3-4D10-AD75-7F7C4E9AA66D}.Debug|ARM.Build.0 = Debug|Any CPU
		{A664FAD6-A0C3-4D10-AD75-7F7C4E9AA66D}.Debug|ARM64.ActiveCfg = Debug|Any CPU
		{A664FAD6-A0C3-4D10-AD75-7F7C4E9AA66D}.Debug|ARM64.Build.0 = Debug|Any CPU
		{A664FAD6-A0C3-4D10-AD75-7F7C4E9AA66D}.Debug|x64.ActiveCfg = Debug|Any CPU
		{A664FAD6-A0C3-4D10-AD75-7F7C4E9AA66D}.Debug|x64.Build.0 = Debug|Any CPU
		{A664FAD6-A0C3-4D10-AD75-7F7C4E9AA66D}.Debug|x86.ActiveCfg = Debug|Any CPU
		{A664FAD6-A0C3-4D10-AD75-7F7C4E9AA66D}.Debug|x86.Build.0 = Debug|Any CPU
		{A664FAD6-A0C3-4D10-AD75-7F7C4E9AA66D}.Release|Any CPU.ActiveCfg = Release|Any CPU
		{A664FAD6-A0C3-4D10-AD75-7F7C4E9AA66D}.Release|Any CPU.Build.0 = Release|Any CPU
		{A664FAD6-A0C3-4D10-AD75-7F7C4E9AA66D}.Release|ARM.ActiveCfg = Release|Any CPU
		{A664FAD6-A0C3-4D10-AD75-7F7C4E9AA66D}.Release|ARM.Build.0 = Release|Any CPU
		{A664FAD6-A0C3-4D10-AD75-7F7C4E9AA66D}.Release|ARM64.ActiveCfg = Release|Any CPU
		{A664FAD6-A0C3-4D10-AD75-7F7C4E9AA66D}.Release|ARM64.Build.0 = Release|Any CPU
		{A664FAD6-A0C3-4D10-AD75-7F7C4E9AA66D}.Release|x64.ActiveCfg = Release|Any CPU
		{A664FAD6-A0C3-4D10-AD75-7F7C4E9AA66D}.Release|x64.Build.0 = Release|Any CPU
		{A664FAD6-A0C3-4D10-AD75-7F7C4E9AA66D}.Release|x86.ActiveCfg = Release|Any CPU
		{A664FAD6-A0C3-4D10-AD75-7F7C4E9AA66D}.Release|x86.Build.0 = Release|Any CPU
		{B24AC45B-2AA9-472F-89A8-0253A6646FF0}.Debug|Any CPU.ActiveCfg = Debug|Any CPU
		{B24AC45B-2AA9-472F-89A8-0253A6646FF0}.Debug|Any CPU.Build.0 = Debug|Any CPU
		{B24AC45B-2AA9-472F-89A8-0253A6646FF0}.Debug|ARM.ActiveCfg = Debug|Any CPU
		{B24AC45B-2AA9-472F-89A8-0253A6646FF0}.Debug|ARM.Build.0 = Debug|Any CPU
		{B24AC45B-2AA9-472F-89A8-0253A6646FF0}.Debug|ARM64.ActiveCfg = Debug|Any CPU
		{B24AC45B-2AA9-472F-89A8-0253A6646FF0}.Debug|ARM64.Build.0 = Debug|Any CPU
		{B24AC45B-2AA9-472F-89A8-0253A6646FF0}.Debug|x64.ActiveCfg = Debug|Any CPU
		{B24AC45B-2AA9-472F-89A8-0253A6646FF0}.Debug|x64.Build.0 = Debug|Any CPU
		{B24AC45B-2AA9-472F-89A8-0253A6646FF0}.Debug|x86.ActiveCfg = Debug|Any CPU
		{B24AC45B-2AA9-472F-89A8-0253A6646FF0}.Debug|x86.Build.0 = Debug|Any CPU
		{B24AC45B-2AA9-472F-89A8-0253A6646FF0}.Release|Any CPU.ActiveCfg = Release|Any CPU
		{B24AC45B-2AA9-472F-89A8-0253A6646FF0}.Release|Any CPU.Build.0 = Release|Any CPU
		{B24AC45B-2AA9-472F-89A8-0253A6646FF0}.Release|ARM.ActiveCfg = Release|Any CPU
		{B24AC45B-2AA9-472F-89A8-0253A6646FF0}.Release|ARM.Build.0 = Release|Any CPU
		{B24AC45B-2AA9-472F-89A8-0253A6646FF0}.Release|ARM64.ActiveCfg = Release|Any CPU
		{B24AC45B-2AA9-472F-89A8-0253A6646FF0}.Release|ARM64.Build.0 = Release|Any CPU
		{B24AC45B-2AA9-472F-89A8-0253A6646FF0}.Release|x64.ActiveCfg = Release|Any CPU
		{B24AC45B-2AA9-472F-89A8-0253A6646FF0}.Release|x64.Build.0 = Release|Any CPU
		{B24AC45B-2AA9-472F-89A8-0253A6646FF0}.Release|x86.ActiveCfg = Release|Any CPU
		{B24AC45B-2AA9-472F-89A8-0253A6646FF0}.Release|x86.Build.0 = Release|Any CPU
	EndGlobalSection
	GlobalSection(SolutionProperties) = preSolution
		HideSolutionNode = FALSE
	EndGlobalSection
	GlobalSection(ExtensibilityGlobals) = postSolution
		SolutionGuid = {1CC3AB99-D16D-47B0-BFA7-152C34A88032}
	EndGlobalSection
EndGlobal
